
Microsoft Visual Studio Solution File, Format Version 12.00
# Visual Studio Version 16
VisualStudioVersion = 16.0.32002.261
MinimumVisualStudioVersion = 10.0.40219.1
Project("{FAE04EC0-301F-11D3-BF4B-00C04F79EFBC}") = "Assessment", "Assessment\Assessment.csproj", "{9C6D0A03-AB2C-47E2-9BBB-122C68D58A7F}"
EndProject
Global
	GlobalSection(SolutionConfigurationPlatforms) = preSolution
		Debug|Any CPU = Debug|Any CPU
		Release|Any CPU = Release|Any CPU
	EndGlobalSection
	GlobalSection(ProjectConfigurationPlatforms) = postSolution
		{9C6D0A03-AB2C-47E2-9BBB-122C68D58A7F}.Debug|Any CPU.ActiveCfg = Debug|Any CPU
		{9C6D0A03-AB2C-47E2-9BBB-122C68D58A7F}.Debug|Any CPU.Build.0 = Debug|Any CPU
		{9C6D0A03-AB2C-47E2-9BBB-122C68D58A7F}.Release|Any CPU.ActiveCfg = Release|Any CPU
		{9C6D0A03-AB2C-47E2-9BBB-122C68D58A7F}.Release|Any CPU.Build.0 = Release|Any CPU
	EndGlobalSection
	GlobalSection(SolutionProperties) = preSolution
		HideSolutionNode = FALSE
	EndGlobalSection
	GlobalSection(ExtensibilityGlobals) = postSolution
		SolutionGuid = {F34EC778-96A6-4941-9DBA-1A1B71B62098}
	EndGlobalSection
EndGlobal
